{
  "lockfileVersion": 2,
  "configVersion": 1,
  "workspaces": {
    "": {
      "dependencies": {
        "@hono/zod-validator": "^0.9.1",
        "@motiro/guard": "^0.1.2",
        "@motiro/string": "^0.1.3",
        "@scalar/hono-api-reference": "^0.12.1",
        "add": "^2.0.9",
        "bun": "^1.4.2",
        "envin": "^1.2.0",
        "hono": "^4.13.7",
        "hono-openapi": "^1.3.3",
        "hono-rate-limiter": "^0.5.4",
        "node-html-parser": "^9.0.4",
        "zod": "^4.5.4",
      },
      "devDependencies": {
        "@biomejs/biome": "^2.5.12",
        "@motiro/types": "^0.1.1",
        "@types/bun": "latest",
        "@types/node": "^26.4.1",
        "picocolors": "^1.1.1",
        "typescript": "^7",
      },
    },
  },
  "packages": {
    "@ark/schema": ["@ark/schema@0.56.2", "", { "dependencies": { "@ark/util": "0.56.2" } }, "sha512-Qx4D2JFbBWpntiHZaTv7bGG4H/M2rigiknezKg/WVyDSaLdE4YCcWAOoFB7pjjDqHbbV2OqRfntm1nnXvwMexg=="],

    "@ark/util": ["@ark/util@0.56.2", "", {}, "sha512-9kU2sUE38FZEGG7l3hamYMBieLYEJh2L1mrYD2eXpT+78EnQSV1bhjxJhnxGBMSTbtwpBSDNSK+K60WvaI/DTQ=="],

    "@biomejs/biome": ["@biomejs/biome@2.5.13", "", { "optionalDependencies": { "@biomejs/cli-darwin-arm64": "2.5.13", "@biomejs/cli-darwin-x64": "2.5.13", "@biomejs/cli-linux-arm64": "2.5.13", "@biomejs/cli-linux-arm64-musl": "2.5.13", "@biomejs/cli-linux-x64": "2.5.13", "@biomejs/cli-linux-x64-musl": "2.5.13", "@biomejs/cli-win32-arm64": "2.5.13", "@biomejs/cli-win32-x64": "2.5.13" }, "bin": { "biome": "bin/biome" } }, "sha512-+SEC/mFk1a+5mvUANZgbZTaiZXs1nj4iMhL/PHiqDT5TPUEPFIlliEtkKKZB4N862yylHC3UI+/Sj2I0HJEqhA=="],

    "@biomejs/cli-darwin-arm64": ["@biomejs/cli-darwin-arm64@2.5.13", "", { "os": "darwin", "cpu": "arm64" }, "sha512-nYSuDJ6zgVqZUkAkJkvhXxsF2PYIrUk/g638K4voCXz7foI9f7b6C2/7+oAihsHQlivZNMUrm/y8ywlcHQtZOw=="],

    "@biomejs/cli-darwin-x64": ["@biomejs/cli-darwin-x64@2.5.13", "", { "os": "darwin", "cpu": "x64" }, "sha512-KVy1ceEDuJ3AzFxjT9kkxbVy+UANw1pjEMUS6lvKfxjJ+fmkRvc7sQn1Xo6ETgseEI7wUQoV03KSga3XfE8YRQ=="],

    "@biomejs/cli-linux-arm64": ["@biomejs/cli-linux-arm64@2.5.13", "", { "os": "linux", "cpu": "arm64" }, "sha512-VlNMtoxOqs0dUR6drxxHr18SNUvI7xxAuHZlH4s/dstYSf3g6RaqVgo8JRnhcOhKz9afWrvtJTboNG1JuYlIDQ=="],

    "@biomejs/cli-linux-arm64-musl": ["@biomejs/cli-linux-arm64-musl@2.5.13", "", { "os": "linux", "cpu": "arm64" }, "sha512-CH32xpep3dNS5EVJpAHlYchkBYznxyVZQrx0b6YYYlPL9u9ZeD2NtqiK/6s64+HFS2a7hGnryLlqqZAOh8ax5g=="],

    "@biomejs/cli-linux-x64": ["@biomejs/cli-linux-x64@2.5.13", "", { "os": "linux", "cpu": "x64" }, "sha512-Fi6gIxbUaJ3ZCIXeG3ggIBPF76O2DjDN67WrPX/ODRv54GeXPm2gbEPC96Yb0yrJoiH0Eax1JLx1Pi0XbsNFZQ=="],

    "@biomejs/cli-linux-x64-musl": ["@biomejs/cli-linux-x64-musl@2.5.13", "", { "os": "linux", "cpu": "x64" }, "sha512-F3pmwl+VHoUuVJN/tbNLKeLt0SVK3EIyN1jXlMcNyQGYRQQTVqXF+GgkP0/CjGXFN87e/mv0sBfUnWqWza5PKQ=="],

    "@biomejs/cli-win32-arm64": ["@biomejs/cli-win32-arm64@2.5.13", "", { "os": "win32", "cpu": "arm64" }, "sha512-+WD13qshXrr0Icv4BfsAdzm8Fs3TL+nZ59zEQxsYNd8lcgZJ0A5+OrlwsL1PipVCmWeRpxgIPD6DAcEd7smkCQ=="],

    "@biomejs/cli-win32-x64": ["@biomejs/cli-win32-x64@2.5.13", "", { "os": "win32", "cpu": "x64" }, "sha512-VOofU/nW761XWzUeUNE8zzYNyPrxuMuNFMizL0qz7J75yeV8N7WFheUlk1/K6dOkaFpH9wJ+lDKlwjAbw0346w=="],

    "@hono/standard-validator": ["@hono/standard-validator@0.4.0", "", { "peerDependencies": { "@standard-schema/spec": "^1.0.0", "hono": ">=4.11.2" } }, "sha512-MxOm1asDh9j7c1D0KiWwppSbFgAQxTRO4YEhjMrJn3lF1BIcXenPdgjSGKDRfQmZdaTaMA8slQLETgVOKyJxFw=="],

    "@hono/zod-validator": ["@hono/zod-validator@0.9.1", "", { "peerDependencies": { "hono": ">=4.11.2", "zod": "^3.25.0 || ^4.0.0" } }, "sha512-iiv6w0qrIc0arfvCtUqBWsvl4fXjzaTcQcCJTTtCnkawF9HHGE+KjEl0ox3gQJ6rKZEgE3mLExlQCF72M+mNuw=="],

    "@motiro/guard": ["@motiro/guard@0.1.2", "", {}, "sha512-1GDsAtV+QYlgUxGhcjkFIxJRlFV9A8MuYtdHRPmBOr2TyD5n07mJOYofCEAoijIzyKZY+WGT0Uct4iDe7F96dw=="],

    "@motiro/string": ["@motiro/string@0.1.3", "", {}, "sha512-H4QDdhpbFG5+GG0/1tBa115gIcTexfzD7uKoLfp2WGhJyyz1iCuNr6oryvDpU5EoTflJov2rNkM8mDtTdP39Gg=="],

    "@motiro/types": ["@motiro/types@0.1.1", "", {}, "sha512-PFl+c0YNCd0CwzCZXxh1yiNxkA0qrxL2h2uwGLsZrjp0F+1t9HEDN1IitOuEhGpLOKokuZQcXX9LkytpK1eddg=="],

    "@oven/bun-darwin-aarch64": ["@oven/bun-darwin-aarch64@1.4.2", "", { "os": "darwin", "cpu": "arm64" }, "sha512-MXdZkP1featqxZ+/VTXWG1BVjM4OGBehVY2Q88EeUj/7L0UMeCGItmyPYTN+wxvlGJ6F66JEtzsw+GvQWewnag=="],

    "@oven/bun-darwin-x64": ["@oven/bun-darwin-x64@1.4.2", "", { "os": "darwin", "cpu": "x64" }, "sha512-gZTxZuLjkUhAWjTETu3tw0WhsEdNkJ64daj60ybhPf835a2yollV3yTkK9JozvzKPx4TRFzLSl8C+U525pxVbw=="],

    "@oven/bun-freebsd-aarch64": ["@oven/bun-freebsd-aarch64@1.4.2", "", { "os": "freebsd", "cpu": "arm64" }, "sha512-SMNItMw1Z8QeeQVKnw8jA7xQNkeXdP+OPgin4Wi/QTx/B8RHHLnuZfqmFy7NtVeT2NF0kKYppW4WWd2CCYZjhQ=="],

    "@oven/bun-freebsd-x64": ["@oven/bun-freebsd-x64@1.4.2", "", { "os": "freebsd", "cpu": "x64" }, "sha512-THbPKXhO54N0DpFRKZNDZpQ7dpbX0bWASuARckAUS9wRtFIHsiY+uULXJvxJGo2YD1YewvXQ4G8Fj7XT5oBCiw=="],

    "@oven/bun-linux-aarch64": ["@oven/bun-linux-aarch64@1.4.2", "", { "os": "linux", "cpu": "arm64" }, "sha512-3BBP9ovJ2RGHFH6Ae1CAtxNtG1+YY6GD6rmYbsUosoAk9+OEl6zeDQ/k4fBkc6dYOJCtWnx8hUxzNzQATSmvYQ=="],

    "@oven/bun-linux-aarch64-android": ["@oven/bun-linux-aarch64-android@1.4.2", "", { "os": "android", "cpu": "arm64" }, "sha512-3mZKO2rhsNgbAUtAHC1UKUlF2zTxFraDZT/Elv8wzyH0fJL9h+Iv3TgB9lO63w89PRn3eFe+NRA1bhVgikKNPQ=="],

    "@oven/bun-linux-aarch64-musl": ["@oven/bun-linux-aarch64-musl@1.4.2", "", { "os": "linux", "cpu": "arm64" }, "sha512-+Sm6y+lSiSFBOtXmnekp5Q6n1tUKlyv71FCPWBc61Cgb14T5eBs8SN/nh4MUCOKzONkI3O+as3MGUgikS4aCBQ=="],

    "@oven/bun-linux-x64": ["@oven/bun-linux-x64@1.4.2", "", { "os": "linux", "cpu": "x64" }, "sha512-9/E/UXOTpSo3YsV5g+FhtTd/qTpiWoKuxS12cqtuYA1ssu9fRAoPQnipFgGyck3tWO63iUdxBiygq+kELFawng=="],

    "@oven/bun-linux-x64-android": ["@oven/bun-linux-x64-android@1.4.2", "", { "os": "android", "cpu": "x64" }, "sha512-6HC5tzcC79113n2IHCTJMWv+HsQImv4ZFEK2XpYLxY6HbT8tM4cUM2Zv1bHZBQsS3jv/zYBamDJ1UX7If0d5tw=="],

    "@oven/bun-linux-x64-musl": ["@oven/bun-linux-x64-musl@1.4.2", "", { "os": "linux", "cpu": "x64" }, "sha512-vVTKUg1bnPhRP/Hp73jIVoFh2vPFNYEqYX0ERKfZBOQEEHitNAeukZzzuUDZS0SoDCIpuWUGSpd/CDMbjdR+Uw=="],

    "@oven/bun-windows-aarch64": ["@oven/bun-windows-aarch64@1.4.2", "", { "os": "win32", "cpu": "arm64" }, "sha512-8EJ1ST7339WJE3poPW5nBgVW/lWf9HBz4W27ZUNhburKmcBLOByPyE6DP9fHD8FQGm5c+ilUN2hX1mrW0jxq9Q=="],

    "@oven/bun-windows-x64": ["@oven/bun-windows-x64@1.4.2", "", { "os": "win32", "cpu": "x64" }, "sha512-+bN6OuVld/9diT/RLSXSW7JE6CvNE3gL9XsAEjULi1nUsXd6DNO6GuA9jNdNb3r8PdJFnYHr5aypNV1Oj3Rd9g=="],

    "@scalar/client-side-rendering": ["@scalar/client-side-rendering@0.4.0", "", { "dependencies": { "@scalar/schemas": "0.9.0", "@scalar/types": "0.19.0", "@scalar/validation": "0.6.3" } }, "sha512-a8OUod1LZbNqkPv73ijRPL3MH2/3E92I5Awa9mGXtCaIVavY3JcF7+qZW4GOtffihTfuD/CxhZ+CnQhCZds2oQ=="],

    "@scalar/helpers": ["@scalar/helpers@0.11.3", "", {}, "sha512-4zPzuNTXObDUtZS93xzAoK83ddHDgBGifv/vKFe6bHqEl5i+IMLTTtEHOaaOZK4dusPEXcXsU5TBSaY/I6Mi+A=="],

    "@scalar/hono-api-reference": ["@scalar/hono-api-reference@0.12.1", "", { "dependencies": { "@scalar/client-side-rendering": "0.4.0" }, "peerDependencies": { "hono": "^4.12.5" } }, "sha512-RbAMvXihbZLFn3aFLQ2cW/AVIyPILujCUbaBcFVBztL6mbcDk87H10xCa5Bl5xVKalmoJwnUIV+8zMxNizh07w=="],

    "@scalar/schemas": ["@scalar/schemas@0.9.0", "", { "dependencies": { "@scalar/helpers": "0.11.3", "@scalar/validation": "0.6.3" } }, "sha512-yYRlIWzw+7HuIX4z7rk7tg4y1nERwvvWKbolZOm7LveSTrppllGKyjtnIqS5uXsmJddERxuurSgDW224gGJlFQ=="],

    "@scalar/types": ["@scalar/types@0.19.0", "", { "dependencies": { "@scalar/helpers": "0.11.3", "nanoid": "^5.1.6", "type-fest": "^5.8.0", "zod": "^4.4.3" } }, "sha512-EKeoWgUlP+uepbM/zEHKbsdpBNyOmSrw6DdU/WC0p53gz5uRzI7d/IEecIP9SQMUkResPR9DmWeWfFQftG7vqg=="],

    "@scalar/validation": ["@scalar/validation@0.6.3", "", {}, "sha512-j3s9XPv8Wo1EG5/naBi4XGF0uXYQ2A3QZNI0NKWgCMxRHVrDJGlZEYymcHDHY7fquRm73P8U3c8xqJqB5yad6w=="],

    "@standard-community/standard-json": ["@standard-community/standard-json@0.3.6", "", { "dependencies": { "quansync": "^0.2.11" }, "peerDependencies": { "@standard-schema/spec": "^1.0.0", "@types/json-schema": "^7.0.15", "@valibot/to-json-schema": "^1.3.0", "arktype": "^2.1.20", "effect": "^3.20.0", "sury": "^10.0.0", "typebox": "^1.0.17", "valibot": "^1.4.2", "zod": "^3.25.0 || ^4.0.0", "zod-to-json-schema": "^3.24.5" }, "optionalPeers": ["@valibot/to-json-schema", "arktype", "effect", "sury", "typebox", "valibot", "zod", "zod-to-json-schema"] }, "sha512-tuXKz1Ps4al0W4xhfwii7v4lskKtOv3QE7mcouRVThrBdOR6JzY4Vea3nsxcEnte84bOJvMvXGmOMWE3IBbHyA=="],

    "@standard-community/standard-openapi": ["@standard-community/standard-openapi@0.2.10", "", { "peerDependencies": { "@standard-community/standard-json": "^0.3.5", "@standard-schema/spec": "^1.0.0", "arktype": "^2.1.20", "effect": "^3.20.0", "openapi-types": "^12.1.3", "sury": "^10.0.0", "typebox": "^1.0.0", "valibot": "^1.4.2", "zod": "^3.25.0 || ^4.0.0", "zod-openapi": "^4" }, "optionalPeers": ["arktype", "effect", "sury", "typebox", "valibot", "zod", "zod-openapi"] }, "sha512-whaCN9eu5zv5gu6Kyeh5am/S3AyS1nqo57/wAxs/KPS7+94UhBUZmkIetmXzm22qIV0zMrHt3y+2VfjkbkYYTA=="],

    "@standard-schema/spec": ["@standard-schema/spec@1.1.0", "", {}, "sha512-l2aFy5jALhniG5HgqrD6jXLi/rUWrKvqN/qJx6yoJsgKhblVd+iqqU4RCXavm/jPityDo5TCvKMnpjKnOriy0w=="],

    "@types/bun": ["@types/bun@1.4.2", "", { "dependencies": { "bun-types": "1.4.2" } }, "sha512-GimotNn7+ZV0uVArItBbriZsR1oNf0+WTzPkdcFrzShI7k2norL0uzEaJT8T33dWr7O/c9ZDuAFQrctKCi72oQ=="],

    "@types/json-schema": ["@types/json-schema@7.0.15", "", {}, "sha512-5+fP8P8MFNC+AyZCDxrB2pkZFPGzqQWUzpSeuuVLvm8VMcorNYavBqoFcxK8bQz4Qsbn4oUEEem4wDLfcysGHA=="],

    "@types/node": ["@types/node@26.6.1", "", { "dependencies": { "undici-types": "~8.9.0" } }, "sha512-VqGJBMCtdhqkBUCcBLvywI0NJ+KLuVzgNnlBUNFOQjqVxzo2lxLUNg1DSey8+u2u6ktswSAxg+s68QLzWHNOuA=="],

    "@typescript/typescript-aix-ppc64": ["@typescript/typescript-aix-ppc64@7.0.2", "", { "os": "aix", "cpu": "ppc64" }, "sha512-MTKKkWB7p/0E9xi1d1tHtZ5PiLkGEMIq88pK2CubZjOsLtYTLqhgIgi6zepFa+9GHZ6h05NMCkQxGKiPXMxXtQ=="],

    "@typescript/typescript-darwin-arm64": ["@typescript/typescript-darwin-arm64@7.0.2", "", { "os": "darwin", "cpu": "arm64" }, "sha512-gowzar9MwS/aRWp6f3a4KUqzRjAZjOsmGNCM6LcTgXum+dBfgsBVMN+AgvOCCbguXyick6LJhpBszxMebJ8syA=="],

    "@typescript/typescript-darwin-x64": ["@typescript/typescript-darwin-x64@7.0.2", "", { "os": "darwin", "cpu": "x64" }, "sha512-SZ9xZInqApNlNGc9s0W1VSsktYSOe9cFqNOIqmN1Gs8SmkjKZYFt017G4VwPxASInODuAdbTW7sXiFUf893RgA=="],

    "@typescript/typescript-freebsd-arm64": ["@typescript/typescript-freebsd-arm64@7.0.2", "", { "os": "freebsd", "cpu": "arm64" }, "sha512-W5NH4y/J0plIIS5b2xvTEkU7JFxyqdMAOgf+Ilhl0vHQXKO5dZoxd+C/jEtq56c4F3wk71RB4BMRQ2XdI+bwYQ=="],

    "@typescript/typescript-freebsd-x64": ["@typescript/typescript-freebsd-x64@7.0.2", "", { "os": "freebsd", "cpu": "x64" }, "sha512-UMGDx5sTpzNw3WiPebH7l90IWfJggEd+egHt/q6p7/Cm3zqoV7VxkGXt+3DxPIw8CcmvAB0j3sVVfbhX+M4Tpw=="],

    "@typescript/typescript-linux-arm": ["@typescript/typescript-linux-arm@7.0.2", "", { "os": "linux", "cpu": "arm" }, "sha512-gffT3xPz9sR7j/YJExkyPntrI0P2EP9XbOyWzth2/Gs0RstK+90RBcO0ncXoXy/beYll1SXw846Nf2zdnEz0QQ=="],

    "@typescript/typescript-linux-arm64": ["@typescript/typescript-linux-arm64@7.0.2", "", { "os": "linux", "cpu": "arm64" }, "sha512-Qh4eU4/y3yDjnfjjyPYihMj5/ODIlmt+Bzu17OI+fiSRDW57QmU5SiN63exPRNJPKUzcc1INa1NXdrJ+MqHjUQ=="],

    "@typescript/typescript-linux-loong64": ["@typescript/typescript-linux-loong64@7.0.2", "", { "os": "linux", "cpu": "none" }, "sha512-uEHck9i8hoAzXPiYRib1O7miOnz23SxIeVl6F4LXox+qov1K35jHcEW6VHKvZI+pyvl7fZEP4MCU5LYvIq1GuQ=="],

    "@typescript/typescript-linux-mips64el": ["@typescript/typescript-linux-mips64el@7.0.2", "", { "os": "linux", "cpu": "none" }, "sha512-R4KvAMnE43W5Qeqb0Ly56O3mWMWIAgsMyz36DCaycd5nbg/9kzm0liw3JocfRqyJY0KPmzFjbswozXyW0DnIYA=="],

    "@typescript/typescript-linux-ppc64": ["@typescript/typescript-linux-ppc64@7.0.2", "", { "os": "linux", "cpu": "ppc64" }, "sha512-DORx5b3sd/4S7eayxm4FQv+A7CrkUIGRaHiwI8oiHTAI1fAPWhF4J0vAlkC8biAlHSVVwxMQ3tjZ2/DVbnQiiA=="],

    "@typescript/typescript-linux-riscv64": ["@typescript/typescript-linux-riscv64@7.0.2", "", { "os": "linux", "cpu": "none" }, "sha512-wf0jqEDOjrPRnKwYRyyJDRo11KMbvMFrU+q4zqKyChODBzvlkbhNQfKvLxQCcwTpdDaXSHZTVuh0JoCrKCUMHQ=="],

    "@typescript/typescript-linux-s390x": ["@typescript/typescript-linux-s390x@7.0.2", "", { "os": "linux", "cpu": "s390x" }, "sha512-IkwJc3L7yhytWd/ewjyxNDfOmswCm9GWMJT/ue/dU4aZNbwZeYAetq42VyLmsmSjvoX7z74X6ZaYCtzAr0EuGw=="],

    "@typescript/typescript-linux-x64": ["@typescript/typescript-linux-x64@7.0.2", "", { "os": "linux", "cpu": "x64" }, "sha512-EYdf2cNg7rgCWJnxCdJ+F3V39O8ihb37eHAu1LK8oAFizgTQbPOK7zHHXbPt8rX24COqODXeI3sIf0fCXG7H/A=="],

    "@typescript/typescript-netbsd-arm64": ["@typescript/typescript-netbsd-arm64@7.0.2", "", { "os": "none", "cpu": "arm64" }, "sha512-+polYF4MF04aPpO5FTkHran9yUQDSXqy5GiSDKpsll5jy3l3+g9QLhpf39T+ePtefhXLOGrLl0QIjkQP6VnelA=="],

    "@typescript/typescript-netbsd-x64": ["@typescript/typescript-netbsd-x64@7.0.2", "", { "os": "none", "cpu": "x64" }, "sha512-8YIT0EHM/3dq10ZOVF/A7pc/YSMtbcecct4rWtexrnSCHOPcpC2KTLXfTCR6vDpnSiY12heNb1GiN/wu+T/FyA=="],

    "@typescript/typescript-openbsd-arm64": ["@typescript/typescript-openbsd-arm64@7.0.2", "", { "os": "openbsd", "cpu": "arm64" }, "sha512-APT8+ClYnuYm1u9+kgGXoMj2VzWzcymwh2gNSQVySHfkRDGOTVkoWLjCmOQSaO+PoqQ57B0flRp9SA+7GnnkzQ=="],

    "@typescript/typescript-openbsd-x64": ["@typescript/typescript-openbsd-x64@7.0.2", "", { "os": "openbsd", "cpu": "x64" }, "sha512-yX7s+Q0Dln0Dt9tEzZsAjXXR/+ytBM7AlglaqyeMPxQszJ1JhlJdZ6jLA+IzldHtflX81em7lDao1xXu+aRRkg=="],

    "@typescript/typescript-sunos-x64": ["@typescript/typescript-sunos-x64@7.0.2", "", { "os": "sunos", "cpu": "x64" }, "sha512-dLJDGaLZ1D4HPQn62u1n8mBDkJREwMsAkCdkwd4Ieqw+x3TUyTsqY0YiBCtE6H6OzzgGk3iuZ3vFWRS+E8/d1g=="],

    "@typescript/typescript-win32-arm64": ["@typescript/typescript-win32-arm64@7.0.2", "", { "os": "win32", "cpu": "arm64" }, "sha512-Gyl1Vy6OsWesLzmq+EP0Fb7b4Nid5232AvcA2SFcdYreldpNtYFFofPjnt62y9hQy7VTaZp65ICJjuAQRaVcIQ=="],

    "@typescript/typescript-win32-x64": ["@typescript/typescript-win32-x64@7.0.2", "", { "os": "win32", "cpu": "x64" }, "sha512-0BQ3HkAHHlKLSp1qRvf3SUhGpGsDuhB/jgFw75guyqbxJqEaS0Cw/VFO8i2nHglJUzQCRtMMR/IBAKE3ETMC4g=="],

    "add": ["add@2.0.9", "", {}, "sha512-a6+u7hP0xmII7EBQenAIb6oMp9/vcW6EmrsD0ngUbLnE69Xtwj4yCbmHLUi5LZ6ggJB+AufHTaDbW1XBiYJwFw=="],

    "arkregex": ["arkregex@0.0.8", "", { "dependencies": { "@ark/util": "0.56.2" } }, "sha512-PJcx6G1kQTgLKPUbeYlYecDRaKq15AMSGVajlKFYWlPeJRQL+j3dKE6tyMs40HZ99djS1l9Vhl3ezAHy9JBIqQ=="],

    "arktype": ["arktype@2.2.3", "", { "dependencies": { "@ark/schema": "0.56.2", "@ark/util": "0.56.2", "arkregex": "0.0.8" } }, "sha512-7W+0RLTUNJiBFIIZXwOQxSR8Z273IAd6IvqBeG9+gHnQKFsIx2C0iOtGTmMrPnlX4qLXyc5+ll7A0BIj9WrbTg=="],

    "boolbase": ["boolbase@1.0.0", "", {}, "sha512-JZOSA7Mo9sNGB8+UjSgzdLtokWAky1zbztM3WRLCbZ70/3cTANmQmOdR7y2g+J0e2WXywy1yS468tY+IruqEww=="],

    "bun": ["bun@1.4.2", "", { "optionalDependencies": { "@oven/bun-darwin-aarch64": "1.4.2", "@oven/bun-darwin-x64": "1.4.2", "@oven/bun-freebsd-aarch64": "1.4.2", "@oven/bun-freebsd-x64": "1.4.2", "@oven/bun-linux-aarch64": "1.4.2", "@oven/bun-linux-aarch64-android": "1.4.2", "@oven/bun-linux-aarch64-musl": "1.4.2", "@oven/bun-linux-x64": "1.4.2", "@oven/bun-linux-x64-android": "1.4.2", "@oven/bun-linux-x64-musl": "1.4.2", "@oven/bun-windows-aarch64": "1.4.2", "@oven/bun-windows-x64": "1.4.2" }, "os": [ "!aix", "!sunos", "!openbsd", ], "cpu": [ "x64", "arm64", ], "bin": { "bun": "bin/bun.exe", "bunx": "bin/bunx.exe" } }, "sha512-TrSXo6HJfIEaczpb3kjX82I2pL47vK1QUNmHRCUdz9IzaOwa9lzOXSWwu2l18YHE3sNfGRapVLd4nNm+22vVVA=="],

    "bun-types": ["bun-types@1.4.2", "", { "dependencies": { "@types/node": "*" } }, "sha512-bxV1FgK7yBIzjRe5zBozIM4Bem11ZJcCXSrjWRG3YWLt8yFDePu4cLjpebO8OvPeIE9trbyPF4fuj3Cia4Fj3w=="],

    "css-select": ["css-select@5.2.2", "", { "dependencies": { "boolbase": "^1.0.0", "css-what": "^6.1.0", "domhandler": "^5.0.2", "domutils": "^3.0.1", "nth-check": "^2.0.1" } }, "sha512-TizTzUddG/xYLA3NXodFM0fSbNizXjOKhqiQQwvhlspadZokn1KDy0NZFS0wuEubIYAV5/c1/lAr0TaaFXEXzw=="],

    "css-what": ["css-what@6.2.2", "", {}, "sha512-u/O3vwbptzhMs3L1fQE82ZSLHQQfto5gyZzwteVIEyeaY5Fc7R4dapF/BvRoSYFeqfBk4m0V1Vafq5Pjv25wvA=="],

    "dom-serializer": ["dom-serializer@2.0.0", "", { "dependencies": { "domelementtype": "^2.3.0", "domhandler": "^5.0.2", "entities": "^4.2.0" } }, "sha512-wIkAryiqt/nV5EQKqQpo3SToSOV9J0DnbJqwK7Wv/Trc92zIAYZ4FlMu+JPFW1DfGFt81ZTCGgDEabffXeLyJg=="],

    "domelementtype": ["domelementtype@2.3.0", "", {}, "sha512-OLETBj6w0OsagBwdXnPdN0cnMfF9opN69co+7ZrbfPGrdpPVNBUj02spi6B1N7wChLQiPn4CSH/zJvXw56gmHw=="],

    "domhandler": ["domhandler@5.0.3", "", { "dependencies": { "domelementtype": "^2.3.0" } }, "sha512-cgwlv/1iFQiFnU96XXgROh8xTeetsnJiDsTc7TYCLFd9+/WNkIqPTxiM/8pSd8VIrhXGTf1Ny1q1hquVqDJB5w=="],

    "domutils": ["domutils@3.2.2", "", { "dependencies": { "dom-serializer": "^2.0.0", "domelementtype": "^2.3.0", "domhandler": "^5.0.3" } }, "sha512-6kZKyUajlDuqlHKVX1w7gyslj9MPIXzIFiz/rGu35uC1wMi+kMhQwGhl4lt9unC9Vb9INnY9Z3/ZA3+FhASLaw=="],

    "entities": ["entities@8.1.0", "", {}, "sha512-kxL7msIffSuh9aaFAMD7rxAIuTRMAHMeBtgHW2yUdWw732ZNh4MehkF2gdjvtdmikkaIP9bFDDJOPlsvm7avrA=="],

    "envin": ["envin@1.2.0", "", { "peerDependencies": { "arktype": "^2.1.0", "typescript": ">=5.0.0", "valibot": "^1.0.0", "zod": "^3.24.0 || ^4.0.0" }, "optionalPeers": ["typescript", "valibot", "zod"] }, "sha512-LQ9u2PGz3HJYzc8XDAn+EctpRu2cme4lxk20+/0gaHhqSW3PtL5SMhfU0LkchRQaI3HtGV4dzZCxjtT1wmhI4w=="],

    "hono": ["hono@4.13.8", "", {}, "sha512-/Gng7NfoykZl2pjukW5Z6+8Yxm3BPRf86GTbQnt0SbySkvax4fyL4H3HhY1cCpBGmiW9XDRFzRV+CXK2W8QudQ=="],

    "hono-openapi": ["hono-openapi@1.3.3", "", { "dependencies": { "@hono/standard-validator": "^0.4.0", "@standard-community/standard-json": "^0.3.5", "@standard-community/standard-openapi": "^0.2.9", "@standard-schema/spec": "^1.0.0", "@types/json-schema": "^7.0.15", "openapi-types": "^12.1.3" }, "peerDependencies": { "hono": "^4.11.2" } }, "sha512-+LVFPQEc4eDrXr/Rd0QQkRh/DbEZRXnm1RZU4bVaoqmWiWgspT4nNHIQMgi44X+D9/8k1eGzHvR0KLNPJ/0xaQ=="],

    "hono-rate-limiter": ["hono-rate-limiter@0.5.4", "", { "peerDependencies": { "hono": "^4.10.8", "unstorage": "^1.17.3" }, "optionalPeers": ["unstorage"] }, "sha512-P3/cscAmz1hA+MuM+Hn9gP/EyO2zWv2aXIFkVYuLZkPzrPa4oaWdVCS94vyDlsNBgeMnE/Hr2+LznIKQxrF0ng=="],

    "nanoid": ["nanoid@5.1.16", "", { "bin": { "nanoid": "bin/nanoid.js" } }, "sha512-kVrnsrJqMR8+oLJnGEmSWw9BivK5mt7H3FZatVRjrc5wGqFYuBxX1yG7+A7Gi5AefkX6t/oCkizcQgpu0cY1dQ=="],

    "node-html-parser": ["node-html-parser@9.0.4", "", { "dependencies": { "css-select": "^5.1.0", "entities": "^8.0.0" } }, "sha512-reUSrZkF1rO7hEYe5mJwtbVcQ6mB5QrViCZH6Wv+iz3er/PA9Q50gol15dMLQRDfdli4VzqPMPR24HNRFgVKFw=="],

    "nth-check": ["nth-check@2.1.1", "", { "dependencies": { "boolbase": "^1.0.0" } }, "sha512-lqjrjmaOoAnWfMmBPL+XNnynZh2+swxiX3WUE0s4yEHI6m+AwrK2UZOimIRl3X/4QctVqS8AiZjFqyOGrMXb/w=="],

    "openapi-types": ["openapi-types@12.1.3", "", {}, "sha512-N4YtSYJqghVu4iek2ZUvcN/0aqH1kRDuNqzcycDxhOUpg7GdvLa2F3DgS6yBNhInhv2r/6I0Flkn7CqL8+nIcw=="],

    "picocolors": ["picocolors@1.1.1", "", {}, "sha512-xceH2snhtb5M9liqDsmEw56le376mTZkEX/jEb/RxNFyegNul7eNslCXP9FDj/Lcu0X8KEyMceP2ntpaHrDEVA=="],

    "quansync": ["quansync@0.2.11", "", {}, "sha512-AifT7QEbW9Nri4tAwR5M/uzpBuqfZf+zwaEM/QkzEjj7NBuFD2rBuy0K3dE+8wltbezDV7JMA0WfnCPYRSYbXA=="],

    "tagged-tag": ["tagged-tag@1.0.0", "", {}, "sha512-yEFYrVhod+hdNyx7g5Bnkkb0G6si8HJurOoOEgC8B/O0uXLHlaey/65KRv6cuWBNhBgHKAROVpc7QyYqE5gFng=="],

    "type-fest": ["type-fest@5.9.0", "", { "dependencies": { "tagged-tag": "^1.0.0" } }, "sha512-yANm3Jr3GiJ1qgJlxGAVxTOIcEOk1rhQHamlXtnrCK7EHP4HeM9OGxtMg/W7HFdrVzw/ZWJKGVIJusVH85sLtw=="],

    "typescript": ["typescript@7.0.2", "", { "optionalDependencies": { "@typescript/typescript-aix-ppc64": "7.0.2", "@typescript/typescript-darwin-arm64": "7.0.2", "@typescript/typescript-darwin-x64": "7.0.2", "@typescript/typescript-freebsd-arm64": "7.0.2", "@typescript/typescript-freebsd-x64": "7.0.2", "@typescript/typescript-linux-arm": "7.0.2", "@typescript/typescript-linux-arm64": "7.0.2", "@typescript/typescript-linux-loong64": "7.0.2", "@typescript/typescript-linux-mips64el": "7.0.2", "@typescript/typescript-linux-ppc64": "7.0.2", "@typescript/typescript-linux-riscv64": "7.0.2", "@typescript/typescript-linux-s390x": "7.0.2", "@typescript/typescript-linux-x64": "7.0.2", "@typescript/typescript-netbsd-arm64": "7.0.2", "@typescript/typescript-netbsd-x64": "7.0.2", "@typescript/typescript-openbsd-arm64": "7.0.2", "@typescript/typescript-openbsd-x64": "7.0.2", "@typescript/typescript-sunos-x64": "7.0.2", "@typescript/typescript-win32-arm64": "7.0.2", "@typescript/typescript-win32-x64": "7.0.2" }, "bin": { "tsc": "bin/tsc" } }, "sha512-8FYau96o3NKOhbjKi/qNvG/W5jhzxkbdm5sj9AbZ/5T5sWqn3hJgLfGx27sRKZWTvyzCP8dLRBTf5tBTSRVUNA=="],

    "undici-types": ["undici-types@8.9.0", "", {}, "sha512-KTDyRTYX8sWmKXAikPHHSyc63CRPETMctyjKFupcC6OBLXT3xsN0e9aF7m+mIXutFWpUXuedtowG7iLOzp0kQg=="],

    "zod": ["zod@4.6.5", "", {}, "sha512-v5l/aFXZQeai4awLbOpSoHecE9UiMrnfx75tEXLjNonXVARxQ5mOeipTjROUchszUNCqnE+hqAMujRsRHsut2Q=="],

    "dom-serializer/entities": ["entities@4.5.0", "", {}, "sha512-V0hjH4dGPh9Ao5p0MoRY6BVqtwCjhz6vI5LT8AJ55H+4g9/4vbHx1I54fS0XuclLhDHArPQCiMjDxjaL8fPxhw=="],
  }
}
